// !$*UTF8*$!
{
	archiveVersion = 1;
	classes = {
	};
	objectVersion = 46;
	objects = {

/* Begin PBXBuildFile section */
		0F082E03178EA83F5BB0452F /* Pods_Microtonal.framework in Frameworks */ = {isa = PBXBuildFile; fileRef = 126907775F05AD1D2648DA67 /* Pods_Microtonal.framework */; };
		7073C506461C455F72CFE039 /* Pods_MicrotonalUITests.framework in Frameworks */ = {isa = PBXBuildFile; fileRef = C86E16B596914AA97EF3D39A /* Pods_MicrotonalUITests.framework */; };
		716B3B801F65994B00AADA1A /* AppDelegate.swift in Sources */ = {isa = PBXBuildFile; fileRef = 716B3B7F1F65994B00AADA1A /* AppDelegate.swift */; };
		716B3B821F65994B00AADA1A /* ViewController.swift in Sources */ = {isa = PBXBuildFile; fileRef = 716B3B811F65994B00AADA1A /* ViewController.swift */; };
		716B3B851F65994B00AADA1A /* Main.storyboard in Resources */ = {isa = PBXBuildFile; fileRef = 716B3B831F65994B00AADA1A /* Main.storyboard */; };
		716B3B871F65994B00AADA1A /* Assets.xcassets in Resources */ = {isa = PBXBuildFile; fileRef = 716B3B861F65994B00AADA1A /* Assets.xcassets */; };
		716B3B8A1F65994B00AADA1A /* LaunchScreen.storyboard in Resources */ = {isa = PBXBuildFile; fileRef = 716B3B881F65994B00AADA1A /* LaunchScreen.storyboard */; };
		716B3B951F65994B00AADA1A /* MicrotonalTests.swift in Sources */ = {isa = PBXBuildFile; fileRef = 716B3B941F65994B00AADA1A /* MicrotonalTests.swift */; };
		716B3BA01F65994B00AADA1A /* MicrotonalUITests.swift in Sources */ = {isa = PBXBuildFile; fileRef = 716B3B9F1F65994B00AADA1A /* MicrotonalUITests.swift */; };
		716B3BB01F659CB500AADA1A /* Keyboard.xib in Resources */ = {isa = PBXBuildFile; fileRef = 716B3BAF1F659CB500AADA1A /* Keyboard.xib */; };
		716B3BB21F65A13100AADA1A /* Octave.swift in Sources */ = {isa = PBXBuildFile; fileRef = 716B3BB11F65A13100AADA1A /* Octave.swift */; };
		716B3BB41F65A2C800AADA1A /* Extensions.swift in Sources */ = {isa = PBXBuildFile; fileRef = 716B3BB31F65A2C800AADA1A /* Extensions.swift */; };
		716B3BB61F65A48900AADA1A /* Key.swift in Sources */ = {isa = PBXBuildFile; fileRef = 716B3BB51F65A48900AADA1A /* Key.swift */; };
		D0989AF7EDF35AEC5B879CEF /* Pods_MicrotonalTests.framework in Frameworks */ = {isa = PBXBuildFile; fileRef = 899908B3871364367C6A0BC8 /* Pods_MicrotonalTests.framework */; };
/* End PBXBuildFile section */

/* Begin PBXContainerItemProxy section */
		716B3B911F65994B00AADA1A /* PBXContainerItemProxy */ = {
			isa = PBXContainerItemProxy;
			containerPortal = 716B3B741F65994B00AADA1A /* Project object */;
			proxyType = 1;
			remoteGlobalIDString = 716B3B7B1F65994B00AADA1A;
			remoteInfo = Microtonal;
		};
		716B3B9C1F65994B00AADA1A /* PBXContainerItemProxy */ = {
			isa = PBXContainerItemProxy;
			containerPortal = 716B3B741F65994B00AADA1A /* Project object */;
			proxyType = 1;
			remoteGlobalIDString = 716B3B7B1F65994B00AADA1A;
			remoteInfo = Microtonal;
		};
/* End PBXContainerItemProxy section */

/* Begin PBXFileReference section */
		126907775F05AD1D2648DA67 /* Pods_Microtonal.framework */ = {isa = PBXFileReference; explicitFileType = wrapper.framework; includeInIndex = 0; path = Pods_Microtonal.framework; sourceTree = BUILT_PRODUCTS_DIR; };
		19237B1C4D5A2EAA75592C51 /* Pods-MicrotonalTests.debug.xcconfig */ = {isa = PBXFileReference; includeInIndex = 1; lastKnownFileType = text.xcconfig; name = "Pods-MicrotonalTests.debug.xcconfig"; path = "Pods/Target Support Files/Pods-MicrotonalTests/Pods-MicrotonalTests.debug.xcconfig"; sourceTree = "<group>"; };
		1D347DCD335E486B8F241ADF /* Pods-Microtonal.release.xcconfig */ = {isa = PBXFileReference; includeInIndex = 1; lastKnownFileType = text.xcconfig; name = "Pods-Microtonal.release.xcconfig"; path = "Pods/Target Support Files/Pods-Microtonal/Pods-Microtonal.release.xcconfig"; sourceTree = "<group>"; };
		6BDC929FE8AA5E38FAC709D1 /* Pods-MicrotonalUITests.release.xcconfig */ = {isa = PBXFileReference; includeInIndex = 1; lastKnownFileType = text.xcconfig; name = "Pods-MicrotonalUITests.release.xcconfig"; path = "Pods/Target Support Files/Pods-MicrotonalUITests/Pods-MicrotonalUITests.release.xcconfig"; sourceTree = "<group>"; };
		716B3B7C1F65994B00AADA1A /* Microtonal.app */ = {isa = PBXFileReference; explicitFileType = wrapper.application; includeInIndex = 0; path = Microtonal.app; sourceTree = BUILT_PRODUCTS_DIR; };
		716B3B7F1F65994B00AADA1A /* AppDelegate.swift */ = {isa = PBXFileReference; lastKnownFileType = sourcecode.swift; path = AppDelegate.swift; sourceTree = "<group>"; };
		716B3B811F65994B00AADA1A /* ViewController.swift */ = {isa = PBXFileReference; lastKnownFileType = sourcecode.swift; path = ViewController.swift; sourceTree = "<group>"; };
		716B3B841F65994B00AADA1A /* Base */ = {isa = PBXFileReference; lastKnownFileType = file.storyboard; name = Base; path = Base.lproj/Main.storyboard; sourceTree = "<group>"; };
		716B3B861F65994B00AADA1A /* Assets.xcassets */ = {isa = PBXFileReference; lastKnownFileType = folder.assetcatalog; path = Assets.xcassets; sourceTree = "<group>"; };
		716B3B891F65994B00AADA1A /* Base */ = {isa = PBXFileReference; lastKnownFileType = file.storyboard; name = Base; path = Base.lproj/LaunchScreen.storyboard; sourceTree = "<group>"; };
		716B3B8B1F65994B00AADA1A /* Info.plist */ = {isa = PBXFileReference; lastKnownFileType = text.plist.xml; path = Info.plist; sourceTree = "<group>"; };
		716B3B901F65994B00AADA1A /* MicrotonalTests.xctest */ = {isa = PBXFileReference; explicitFileType = wrapper.cfbundle; includeInIndex = 0; path = MicrotonalTests.xctest; sourceTree = BUILT_PRODUCTS_DIR; };
		716B3B941F65994B00AADA1A /* MicrotonalTests.swift */ = {isa = PBXFileReference; lastKnownFileType = sourcecode.swift; path = MicrotonalTests.swift; sourceTree = "<group>"; };
		716B3B961F65994B00AADA1A /* Info.plist */ = {isa = PBXFileReference; lastKnownFileType = text.plist.xml; path = Info.plist; sourceTree = "<group>"; };
		716B3B9B1F65994B00AADA1A /* MicrotonalUITests.xctest */ = {isa = PBXFileReference; explicitFileType = wrapper.cfbundle; includeInIndex = 0; path = MicrotonalUITests.xctest; sourceTree = BUILT_PRODUCTS_DIR; };
		716B3B9F1F65994B00AADA1A /* MicrotonalUITests.swift */ = {isa = PBXFileReference; lastKnownFileType = sourcecode.swift; path = MicrotonalUITests.swift; sourceTree = "<group>"; };
		716B3BA11F65994B00AADA1A /* Info.plist */ = {isa = PBXFileReference; lastKnownFileType = text.plist.xml; path = Info.plist; sourceTree = "<group>"; };
		716B3BAF1F659CB500AADA1A /* Keyboard.xib */ = {isa = PBXFileReference; fileEncoding = 4; lastKnownFileType = file.xib; path = Keyboard.xib; sourceTree = "<group>"; };
		716B3BB11F65A13100AADA1A /* Octave.swift */ = {isa = PBXFileReference; fileEncoding = 4; lastKnownFileType = sourcecode.swift; path = Octave.swift; sourceTree = "<group>"; };
		716B3BB31F65A2C800AADA1A /* Extensions.swift */ = {isa = PBXFileReference; fileEncoding = 4; lastKnownFileType = sourcecode.swift; path = Extensions.swift; sourceTree = "<group>"; };
		716B3BB51F65A48900AADA1A /* Key.swift */ = {isa = PBXFileReference; fileEncoding = 4; lastKnownFileType = sourcecode.swift; path = Key.swift; sourceTree = "<group>"; };
		899908B3871364367C6A0BC8 /* Pods_MicrotonalTests.framework */ = {isa = PBXFileReference; explicitFileType = wrapper.framework; includeInIndex = 0; path = Pods_MicrotonalTests.framework; sourceTree = BUILT_PRODUCTS_DIR; };
		8F38548DBD3C255141FC5F45 /* Pods-MicrotonalTests.release.xcconfig */ = {isa = PBXFileReference; includeInIndex = 1; lastKnownFileType = text.xcconfig; name = "Pods-MicrotonalTests.release.xcconfig"; path = "Pods/Target Support Files/Pods-MicrotonalTests/Pods-MicrotonalTests.release.xcconfig"; sourceTree = "<group>"; };
		C86E16B596914AA97EF3D39A /* Pods_MicrotonalUITests.framework */ = {isa = PBXFileReference; explicitFileType = wrapper.framework; includeInIndex = 0; path = Pods_MicrotonalUITests.framework; sourceTree = BUILT_PRODUCTS_DIR; };
		D26F62EA494CBB65DACE4BD7 /* Pods-MicrotonalUITests.debug.xcconfig */ = {isa = PBXFileReference; includeInIndex = 1; lastKnownFileType = text.xcconfig; name = "Pods-MicrotonalUITests.debug.xcconfig"; path = "Pods/Target Support Files/Pods-MicrotonalUITests/Pods-MicrotonalUITests.debug.xcconfig"; sourceTree = "<group>"; };
		E44CCB917C729CDE9D029E47 /* Pods-Microtonal.debug.xcconfig */ = {isa = PBXFileReference; includeInIndex = 1; lastKnownFileType = text.xcconfig; name = "Pods-Microtonal.debug.xcconfig"; path = "Pods/Target Support Files/Pods-Microtonal/Pods-Microtonal.debug.xcconfig"; sourceTree = "<group>"; };
/* End PBXFileReference section */

/* Begin PBXFrameworksBuildPhase section */
		716B3B791F65994B00AADA1A /* Frameworks */ = {
			isa = PBXFrameworksBuildPhase;
			buildActionMask = 2147483647;
			files = (
				0F082E03178EA83F5BB0452F /* Pods_Microtonal.framework in Frameworks */,
			);
			runOnlyForDeploymentPostprocessing = 0;
		};
		716B3B8D1F65994B00AADA1A /* Frameworks */ = {
			isa = PBXFrameworksBuildPhase;
			buildActionMask = 2147483647;
			files = (
				D0989AF7EDF35AEC5B879CEF /* Pods_MicrotonalTests.framework in Frameworks */,
			);
			runOnlyForDeploymentPostprocessing = 0;
		};
		716B3B981F65994B00AADA1A /* Frameworks */ = {
			isa = PBXFrameworksBuildPhase;
			buildActionMask = 2147483647;
			files = (
				7073C506461C455F72CFE039 /* Pods_MicrotonalUITests.framework in Frameworks */,
			);
			runOnlyForDeploymentPostprocessing = 0;
		};
/* End PBXFrameworksBuildPhase section */

/* Begin PBXGroup section */
		59EE1F9928D1C6C95CA78A66 /* Pods */ = {
			isa = PBXGroup;
			children = (
				E44CCB917C729CDE9D029E47 /* Pods-Microtonal.debug.xcconfig */,
				1D347DCD335E486B8F241ADF /* Pods-Microtonal.release.xcconfig */,
				19237B1C4D5A2EAA75592C51 /* Pods-MicrotonalTests.debug.xcconfig */,
				8F38548DBD3C255141FC5F45 /* Pods-MicrotonalTests.release.xcconfig */,
				D26F62EA494CBB65DACE4BD7 /* Pods-MicrotonalUITests.debug.xcconfig */,
				6BDC929FE8AA5E38FAC709D1 /* Pods-MicrotonalUITests.release.xcconfig */,
			);
			name = Pods;
			sourceTree = "<group>";
		};
		716B3B731F65994B00AADA1A = {
			isa = PBXGroup;
			children = (
				716B3B7E1F65994B00AADA1A /* Microtonal */,
				716B3B931F65994B00AADA1A /* MicrotonalTests */,
				716B3B9E1F65994B00AADA1A /* MicrotonalUITests */,
				716B3B7D1F65994B00AADA1A /* Products */,
				59EE1F9928D1C6C95CA78A66 /* Pods */,
				98B217592E3B44A9DE335BF7 /* Frameworks */,
			);
			sourceTree = "<group>";
		};
		716B3B7D1F65994B00AADA1A /* Products */ = {
			isa = PBXGroup;
			children = (
				716B3B7C1F65994B00AADA1A /* Microtonal.app */,
				716B3B901F65994B00AADA1A /* MicrotonalTests.xctest */,
				716B3B9B1F65994B00AADA1A /* MicrotonalUITests.xctest */,
			);
			name = Products;
			sourceTree = "<group>";
		};
		716B3B7E1F65994B00AADA1A /* Microtonal */ = {
			isa = PBXGroup;
			children = (
				716B3BAE1F659B2200AADA1A /* Keyboard */,
				716B3BAD1F659A9F00AADA1A /* Midi Stuff */,
				716B3B7F1F65994B00AADA1A /* AppDelegate.swift */,
				716B3B811F65994B00AADA1A /* ViewController.swift */,
				716B3B831F65994B00AADA1A /* Main.storyboard */,
				716B3B861F65994B00AADA1A /* Assets.xcassets */,
				716B3B881F65994B00AADA1A /* LaunchScreen.storyboard */,
				716B3BB31F65A2C800AADA1A /* Extensions.swift */,
				716B3B8B1F65994B00AADA1A /* Info.plist */,
			);
			path = Microtonal;
			sourceTree = "<group>";
		};
		716B3B931F65994B00AADA1A /* MicrotonalTests */ = {
			isa = PBXGroup;
			children = (
				716B3B941F65994B00AADA1A /* MicrotonalTests.swift */,
				716B3B961F65994B00AADA1A /* Info.plist */,
			);
			path = MicrotonalTests;
			sourceTree = "<group>";
		};
		716B3B9E1F65994B00AADA1A /* MicrotonalUITests */ = {
			isa = PBXGroup;
			children = (
				716B3B9F1F65994B00AADA1A /* MicrotonalUITests.swift */,
				716B3BA11F65994B00AADA1A /* Info.plist */,
			);
			path = MicrotonalUITests;
			sourceTree = "<group>";
		};
		716B3BAD1F659A9F00AADA1A /* Midi Stuff */ = {
			isa = PBXGroup;
			children = (
			);
			name = "Midi Stuff";
			sourceTree = "<group>";
		};
		716B3BAE1F659B2200AADA1A /* Keyboard */ = {
			isa = PBXGroup;
			children = (
				716B3BAF1F659CB500AADA1A /* Keyboard.xib */,
				716B3BB11F65A13100AADA1A /* Octave.swift */,
				716B3BB51F65A48900AADA1A /* Key.swift */,
			);
			name = Keyboard;
			sourceTree = "<group>";
		};
		98B217592E3B44A9DE335BF7 /* Frameworks */ = {
			isa = PBXGroup;
			children = (
				126907775F05AD1D2648DA67 /* Pods_Microtonal.framework */,
				899908B3871364367C6A0BC8 /* Pods_MicrotonalTests.framework */,
				C86E16B596914AA97EF3D39A /* Pods_MicrotonalUITests.framework */,
			);
			name = Frameworks;
			sourceTree = "<group>";
		};
/* End PBXGroup section */

/* Begin PBXNativeTarget section */
		716B3B7B1F65994B00AADA1A /* Microtonal */ = {
			isa = PBXNativeTarget;
			buildConfigurationList = 716B3BA41F65994B00AADA1A /* Build configuration list for PBXNativeTarget "Microtonal" */;
			buildPhases = (
				07BD66BAB5BF563899DD6AEF /* [CP] Check Pods Manifest.lock */,
				716B3B781F65994B00AADA1A /* Sources */,
				716B3B791F65994B00AADA1A /* Frameworks */,
				716B3B7A1F65994B00AADA1A /* Resources */,
				DA23D4D0B5E8131B227EFAC8 /* [CP] Embed Pods Frameworks */,
				A59E263C8C62D686227AEB09 /* [CP] Copy Pods Resources */,
			);
			buildRules = (
			);
			dependencies = (
			);
			name = Microtonal;
			productName = Microtonal;
			productReference = 716B3B7C1F65994B00AADA1A /* Microtonal.app */;
			productType = "com.apple.product-type.application";
		};
		716B3B8F1F65994B00AADA1A /* MicrotonalTests */ = {
			isa = PBXNativeTarget;
			buildConfigurationList = 716B3BA71F65994B00AADA1A /* Build configuration list for PBXNativeTarget "MicrotonalTests" */;
			buildPhases = (
				55961E05B98617C61803BC65 /* [CP] Check Pods Manifest.lock */,
				716B3B8C1F65994B00AADA1A /* Sources */,
				716B3B8D1F65994B00AADA1A /* Frameworks */,
				716B3B8E1F65994B00AADA1A /* Resources */,
				8ECDBA0631154CEFA72CEBA6 /* [CP] Embed Pods Frameworks */,
				3A3C999732AA6143D0390BAB /* [CP] Copy Pods Resources */,
			);
			buildRules = (
			);
			dependencies = (
				716B3B921F65994B00AADA1A /* PBXTargetDependency */,
			);
			name = MicrotonalTests;
			productName = MicrotonalTests;
			productReference = 716B3B901F65994B00AADA1A /* MicrotonalTests.xctest */;
			productType = "com.apple.product-type.bundle.unit-test";
		};
		716B3B9A1F65994B00AADA1A /* MicrotonalUITests */ = {
			isa = PBXNativeTarget;
			buildConfigurationList = 716B3BAA1F65994B00AADA1A /* Build configuration list for PBXNativeTarget "MicrotonalUITests" */;
			buildPhases = (
				B8EFCBB3BD4ED63E23F9D4BE /* [CP] Check Pods Manifest.lock */,
				716B3B971F65994B00AADA1A /* Sources */,
				716B3B981F65994B00AADA1A /* Frameworks */,
				716B3B991F65994B00AADA1A /* Resources */,
				6F99D82CDDC084683698250C /* [CP] Embed Pods Frameworks */,
				0BF9B1665A7C5510F9B5354C /* [CP] Copy Pods Resources */,
			);
			buildRules = (
			);
			dependencies = (
				716B3B9D1F65994B00AADA1A /* PBXTargetDependency */,
			);
			name = MicrotonalUITests;
			productName = MicrotonalUITests;
			productReference = 716B3B9B1F65994B00AADA1A /* MicrotonalUITests.xctest */;
			productType = "com.apple.product-type.bundle.ui-testing";
		};
/* End PBXNativeTarget section */

/* Begin PBXProject section */
		716B3B741F65994B00AADA1A /* Project object */ = {
			isa = PBXProject;
			attributes = {
				LastSwiftUpdateCheck = 0830;
				LastUpgradeCheck = 0830;
				ORGANIZATIONNAME = ysoftware;
				TargetAttributes = {
					716B3B7B1F65994B00AADA1A = {
						CreatedOnToolsVersion = 8.3.3;
						DevelopmentTeam = S422Q897FZ;
						ProvisioningStyle = Automatic;
					};
					716B3B8F1F65994B00AADA1A = {
						CreatedOnToolsVersion = 8.3.3;
						DevelopmentTeam = S422Q897FZ;
						ProvisioningStyle = Automatic;
						TestTargetID = 716B3B7B1F65994B00AADA1A;
					};
					716B3B9A1F65994B00AADA1A = {
						CreatedOnToolsVersion = 8.3.3;
						DevelopmentTeam = S422Q897FZ;
						ProvisioningStyle = Automatic;
						TestTargetID = 716B3B7B1F65994B00AADA1A;
					};
				};
			};
			buildConfigurationList = 716B3B771F65994B00AADA1A /* Build configuration list for PBXProject "Microtonal" */;
			compatibilityVersion = "Xcode 3.2";
			developmentRegion = English;
			hasScannedForEncodings = 0;
			knownRegions = (
				en,
				Base,
			);
			mainGroup = 716B3B731F65994B00AADA1A;
			productRefGroup = 716B3B7D1F65994B00AADA1A /* Products */;
			projectDirPath = "";
			projectRoot = "";
			targets = (
				716B3B7B1F65994B00AADA1A /* Microtonal */,
				716B3B8F1F65994B00AADA1A /* MicrotonalTests */,
				716B3B9A1F65994B00AADA1A /* MicrotonalUITests */,
			);
		};
/* End PBXProject section */

/* Begin PBXResourcesBuildPhase section */
		716B3B7A1F65994B00AADA1A /* Resources */ = {
			isa = PBXResourcesBuildPhase;
			buildActionMask = 2147483647;
			files = (
				716B3B8A1F65994B00AADA1A /* LaunchScreen.storyboard in Resources */,
				716B3B871F65994B00AADA1A /* Assets.xcassets in Resources */,
				716B3BB01F659CB500AADA1A /* Keyboard.xib in Resources */,
				716B3B851F65994B00AADA1A /* Main.storyboard in Resources */,
			);
			runOnlyForDeploymentPostprocessing = 0;
		};
		716B3B8E1F65994B00AADA1A /* Resources */ = {
			isa = PBXResourcesBuildPhase;
			buildActionMask = 2147483647;
			files = (
			);
			runOnlyForDeploymentPostprocessing = 0;
		};
		716B3B991F65994B00AADA1A /* Resources */ = {
			isa = PBXResourcesBuildPhase;
			buildActionMask = 2147483647;
			files = (
			);
			runOnlyForDeploymentPostprocessing = 0;
		};
/* End PBXResourcesBuildPhase section */

/* Begin PBXShellScriptBuildPhase section */
		07BD66BAB5BF563899DD6AEF /* [CP] Check Pods Manifest.lock */ = {
			isa = PBXShellScriptBuildPhase;
			buildActionMask = 2147483647;
			files = (
			);
			inputPaths = (
			);
			name = "[CP] Check Pods Manifest.lock";
			outputPaths = (
			);
			runOnlyForDeploymentPostprocessing = 0;
			shellPath = /bin/sh;
			shellScript = "diff \"${PODS_ROOT}/../Podfile.lock\" \"${PODS_ROOT}/Manifest.lock\" > /dev/null\nif [ $? != 0 ] ; then\n    # print error to STDERR\n    echo \"error: The sandbox is not in sync with the Podfile.lock. Run 'pod install' or update your CocoaPods installation.\" >&2\n    exit 1\nfi\n";
			showEnvVarsInLog = 0;
		};
		0BF9B1665A7C5510F9B5354C /* [CP] Copy Pods Resources */ = {
			isa = PBXShellScriptBuildPhase;
			buildActionMask = 2147483647;
			files = (
			);
			inputPaths = (
			);
			name = "[CP] Copy Pods Resources";
			outputPaths = (
			);
			runOnlyForDeploymentPostprocessing = 0;
			shellPath = /bin/sh;
			shellScript = "\"${SRCROOT}/Pods/Target Support Files/Pods-MicrotonalUITests/Pods-MicrotonalUITests-resources.sh\"\n";
			showEnvVarsInLog = 0;
		};
		3A3C999732AA6143D0390BAB /* [CP] Copy Pods Resources */ = {
			isa = PBXShellScriptBuildPhase;
			buildActionMask = 2147483647;
			files = (
			);
			inputPaths = (
			);
			name = "[CP] Copy Pods Resources";
			outputPaths = (
			);
			runOnlyForDeploymentPostprocessing = 0;
			shellPath = /bin/sh;
			shellScript = "\"${SRCROOT}/Pods/Target Support Files/Pods-MicrotonalTests/Pods-MicrotonalTests-resources.sh\"\n";
			showEnvVarsInLog = 0;
		};
		55961E05B98617C61803BC65 /* [CP] Check Pods Manifest.lock */ = {
			isa = PBXShellScriptBuildPhase;
			buildActionMask = 2147483647;
			files = (
			);
			inputPaths = (
			);
			name = "[CP] Check Pods Manifest.lock";
			outputPaths = (
			);
			runOnlyForDeploymentPostprocessing = 0;
			shellPath = /bin/sh;
			shellScript = "diff \"${PODS_ROOT}/../Podfile.lock\" \"${PODS_ROOT}/Manifest.lock\" > /dev/null\nif [ $? != 0 ] ; then\n    # print error to STDERR\n    echo \"error: The sandbox is not in sync with the Podfile.lock. Run 'pod install' or update your CocoaPods installation.\" >&2\n    exit 1\nfi\n";
			showEnvVarsInLog = 0;
		};
		6F99D82CDDC084683698250C /* [CP] Embed Pods Frameworks */ = {
			isa = PBXShellScriptBuildPhase;
			buildActionMask = 2147483647;
			files = (
			);
			inputPaths = (
			);
			name = "[CP] Embed Pods Frameworks";
			outputPaths = (
			);
			runOnlyForDeploymentPostprocessing = 0;
			shellPath = /bin/sh;
			shellScript = "\"${SRCROOT}/Pods/Target Support Files/Pods-MicrotonalUITests/Pods-MicrotonalUITests-frameworks.sh\"\n";
			showEnvVarsInLog = 0;
		};
		8ECDBA0631154CEFA72CEBA6 /* [CP] Embed Pods Frameworks */ = {
			isa = PBXShellScriptBuildPhase;
			buildActionMask = 2147483647;
			files = (
			);
			inputPaths = (
			);
			name = "[CP] Embed Pods Frameworks";
			outputPaths = (
			);
			runOnlyForDeploymentPostprocessing = 0;
			shellPath = /bin/sh;
			shellScript = "\"${SRCROOT}/Pods/Target Support Files/Pods-MicrotonalTests/Pods-MicrotonalTests-frameworks.sh\"\n";
			showEnvVarsInLog = 0;
		};
		A59E263C8C62D686227AEB09 /* [CP] Copy Pods Resources */ = {
			isa = PBXShellScriptBuildPhase;
			buildActionMask = 2147483647;
			files = (
			);
			inputPaths = (
			);
			name = "[CP] Copy Pods Resources";
			outputPaths = (
			);
			runOnlyForDeploymentPostprocessing = 0;
			shellPath = /bin/sh;
			shellScript = "\"${SRCROOT}/Pods/Target Support Files/Pods-Microtonal/Pods-Microtonal-resources.sh\"\n";
			showEnvVarsInLog = 0;
		};
		B8EFCBB3BD4ED63E23F9D4BE /* [CP] Check Pods Manifest.lock */ = {
			isa = PBXShellScriptBuildPhase;
			buildActionMask = 2147483647;
			files = (
			);
			inputPaths = (
			);
			name = "[CP] Check Pods Manifest.lock";
			outputPaths = (
			);
			runOnlyForDeploymentPostprocessing = 0;
			shellPath = /bin/sh;
			shellScript = "diff \"${PODS_ROOT}/../Podfile.lock\" \"${PODS_ROOT}/Manifest.lock\" > /dev/null\nif [ $? != 0 ] ; then\n    # print error to STDERR\n    echo \"error: The sandbox is not in sync with the Podfile.lock. Run 'pod install' or update your CocoaPods installation.\" >&2\n    exit 1\nfi\n";
			showEnvVarsInLog = 0;
		};
		DA23D4D0B5E8131B227EFAC8 /* [CP] Embed Pods Frameworks */ = {
			isa = PBXShellScriptBuildPhase;
			buildActionMask = 2147483647;
			files = (
			);
			inputPaths = (
			);
			name = "[CP] Embed Pods Frameworks";
			outputPaths = (
			);
			runOnlyForDeploymentPostprocessing = 0;
			shellPath = /bin/sh;
			shellScript = "\"${SRCROOT}/Pods/Target Support Files/Pods-Microtonal/Pods-Microtonal-frameworks.sh\"\n";
			showEnvVarsInLog = 0;
		};
/* End PBXShellScriptBuildPhase section */

/* Begin PBXSourcesBuildPhase section */
		716B3B781F65994B00AADA1A /* Sources */ = {
			isa = PBXSourcesBuildPhase;
			buildActionMask = 2147483647;
			files = (
				716B3B821F65994B00AADA1A /* ViewController.swift in Sources */,
				716B3BB61F65A48900AADA1A /* Key.swift in Sources */,
				716B3BB21F65A13100AADA1A /* Octave.swift in Sources */,
				716B3B801F65994B00AADA1A /* AppDelegate.swift in Sources */,
				716B3BB41F65A2C800AADA1A /* Extensions.swift in Sources */,
			);
			runOnlyForDeploymentPostprocessing = 0;
		};
		716B3B8C1F65994B00AADA1A /* Sources */ = {
			isa = PBXSourcesBuildPhase;
			buildActionMask = 2147483647;
			files = (
				716B3B951F65994B00AADA1A /* MicrotonalTests.swift in Sources */,
			);
			runOnlyForDeploymentPostprocessing = 0;
		};
		716B3B971F65994B00AADA1A /* Sources */ = {
			isa = PBXSourcesBuildPhase;
			buildActionMask = 2147483647;
			files = (
				716B3BA01F65994B00AADA1A /* MicrotonalUITests.swift in Sources */,
			);
			runOnlyForDeploymentPostprocessing = 0;
		};
/* End PBXSourcesBuildPhase section */

/* Begin PBXTargetDependency section */
		716B3B921F65994B00AADA1A /* PBXTargetDependency */ = {
			isa = PBXTargetDependency;
			target = 716B3B7B1F65994B00AADA1A /* Microtonal */;
			targetProxy = 716B3B911F65994B00AADA1A /* PBXContainerItemProxy */;
		};
		716B3B9D1F65994B00AADA1A /* PBXTargetDependency */ = {
			isa = PBXTargetDependency;
			target = 716B3B7B1F65994B00AADA1A /* Microtonal */;
			targetProxy = 716B3B9C1F65994B00AADA1A /* PBXContainerItemProxy */;
		};
/* End PBXTargetDependency section */

/* Begin PBXVariantGroup section */
		716B3B831F65994B00AADA1A /* Main.storyboard */ = {
			isa = PBXVariantGroup;
			children = (
				716B3B841F65994B00AADA1A /* Base */,
			);
			name = Main.storyboard;
			sourceTree = "<group>";
		};
		716B3B881F65994B00AADA1A /* LaunchScreen.storyboard */ = {
			isa = PBXVariantGroup;
			children = (
				716B3B891F65994B00AADA1A /* Base */,
			);
			name = LaunchScreen.storyboard;
			sourceTree = "<group>";
		};
/* End PBXVariantGroup section */

/* Begin XCBuildConfiguration section */
		716B3BA21F65994B00AADA1A /* Debug */ = {
			isa = XCBuildConfiguration;
			buildSettings = {
				ALWAYS_SEARCH_USER_PATHS = NO;
				CLANG_ANALYZER_NONNULL = YES;
				CLANG_ANALYZER_NUMBER_OBJECT_CONVERSION = YES_AGGRESSIVE;
				CLANG_CXX_LANGUAGE_STANDARD = "gnu++0x";
				CLANG_CXX_LIBRARY = "libc++";
				CLANG_ENABLE_MODULES = YES;
				CLANG_ENABLE_OBJC_ARC = YES;
				CLANG_WARN_BOOL_CONVERSION = YES;
				CLANG_WARN_CONSTANT_CONVERSION = YES;
				CLANG_WARN_DIRECT_OBJC_ISA_USAGE = YES_ERROR;
				CLANG_WARN_DOCUMENTATION_COMMENTS = YES;
				CLANG_WARN_EMPTY_BODY = YES;
				CLANG_WARN_ENUM_CONVERSION = YES;
				CLANG_WARN_INFINITE_RECURSION = YES;
				CLANG_WARN_INT_CONVERSION = YES;
				CLANG_WARN_OBJC_ROOT_CLASS = YES_ERROR;
				CLANG_WARN_SUSPICIOUS_MOVE = YES;
				CLANG_WARN_UNREACHABLE_CODE = YES;
				CLANG_WARN__DUPLICATE_METHOD_MATCH = YES;
				"CODE_SIGN_IDENTITY[sdk=iphoneos*]" = "iPhone Developer";
				COPY_PHASE_STRIP = NO;
				DEBUG_INFORMATION_FORMAT = dwarf;
				ENABLE_STRICT_OBJC_MSGSEND = YES;
				ENABLE_TESTABILITY = YES;
				GCC_C_LANGUAGE_STANDARD = gnu99;
				GCC_DYNAMIC_NO_PIC = NO;
				GCC_NO_COMMON_BLOCKS = YES;
				GCC_OPTIMIZATION_LEVEL = 0;
				GCC_PREPROCESSOR_DEFINITIONS = (
					"DEBUG=1",
					"$(inherited)",
				);
				GCC_WARN_64_TO_32_BIT_CONVERSION = YES;
				GCC_WARN_ABOUT_RETURN_TYPE = YES_ERROR;
				GCC_WARN_UNDECLARED_SELECTOR = YES;
				GCC_WARN_UNINITIALIZED_AUTOS = YES_AGGRESSIVE;
				GCC_WARN_UNUSED_FUNCTION = YES;
				GCC_WARN_UNUSED_VARIABLE = YES;
				IPHONEOS_DEPLOYMENT_TARGET = 10.3;
				MTL_ENABLE_DEBUG_INFO = YES;
				ONLY_ACTIVE_ARCH = YES;
				SDKROOT = iphoneos;
				SWIFT_ACTIVE_COMPILATION_CONDITIONS = DEBUG;
				SWIFT_OPTIMIZATION_LEVEL = "-Onone";
				TARGETED_DEVICE_FAMILY = "1,2";
			};
			name = Debug;
		};
		716B3BA31F65994B00AADA1A /* Release */ = {
			isa = XCBuildConfiguration;
			buildSettings = {
				ALWAYS_SEARCH_USER_PATHS = NO;
				CLANG_ANALYZER_NONNULL = YES;
				CLANG_ANALYZER_NUMBER_OBJECT_CONVERSION = YES_AGGRESSIVE;
				CLANG_CXX_LANGUAGE_STANDARD = "gnu++0x";
				CLANG_CXX_LIBRARY = "libc++";
				CLANG_ENABLE_MODULES = YES;
				CLANG_ENABLE_OBJC_ARC = YES;
				CLANG_WARN_BOOL_CONVERSION = YES;
				CLANG_WARN_CONSTANT_CONVERSION = YES;
				CLANG_WARN_DIRECT_OBJC_ISA_USAGE = YES_ERROR;
				CLANG_WARN_DOCUMENTATION_COMMENTS = YES;
				CLANG_WARN_EMPTY_BODY = YES;
				CLANG_WARN_ENUM_CONVERSION = YES;
				CLANG_WARN_INFINITE_RECURSION = YES;
				CLANG_WARN_INT_CONVERSION = YES;
				CLANG_WARN_OBJC_ROOT_CLASS = YES_ERROR;
				CLANG_WARN_SUSPICIOUS_MOVE = YES;
				CLANG_WARN_UNREACHABLE_CODE = YES;
				CLANG_WARN__DUPLICATE_METHOD_MATCH = YES;
				"CODE_SIGN_IDENTITY[sdk=iphoneos*]" = "iPhone Developer";
				COPY_PHASE_STRIP = NO;
				DEBUG_INFORMATION_FORMAT = "dwarf-with-dsym";
				ENABLE_NS_ASSERTIONS = NO;
				ENABLE_STRICT_OBJC_MSGSEND = YES;
				GCC_C_LANGUAGE_STANDARD = gnu99;
				GCC_NO_COMMON_BLOCKS = YES;
				GCC_WARN_64_TO_32_BIT_CONVERSION = YES;
				GCC_WARN_ABOUT_RETURN_TYPE = YES_ERROR;
				GCC_WARN_UNDECLARED_SELECTOR = YES;
				GCC_WARN_UNINITIALIZED_AUTOS = YES_AGGRESSIVE;
				GCC_WARN_UNUSED_FUNCTION = YES;
				GCC_WARN_UNUSED_VARIABLE = YES;
				IPHONEOS_DEPLOYMENT_TARGET = 10.3;
				MTL_ENABLE_DEBUG_INFO = NO;
				SDKROOT = iphoneos;
				SWIFT_OPTIMIZATION_LEVEL = "-Owholemodule";
				TARGETED_DEVICE_FAMILY = "1,2";
				VALIDATE_PRODUCT = YES;
			};
			name = Release;
		};
		716B3BA51F65994B00AADA1A /* Debug */ = {
			isa = XCBuildConfiguration;
			baseConfigurationReference = E44CCB917C729CDE9D029E47 /* Pods-Microtonal.debug.xcconfig */;
			buildSettings = {
				ASSETCATALOG_COMPILER_APPICON_NAME = AppIcon;
				DEVELOPMENT_TEAM = S422Q897FZ;
				INFOPLIST_FILE = Microtonal/Info.plist;
				LD_RUNPATH_SEARCH_PATHS = "$(inherited) @executable_path/Frameworks";
				PRODUCT_BUNDLE_IDENTIFIER = com.ysoftware.Microtonal;
				PRODUCT_NAME = "$(TARGET_NAME)";
				SWIFT_VERSION = 3.0;
			};
			name = Debug;
		};
		716B3BA61F65994B00AADA1A /* Release */ = {
			isa = XCBuildConfiguration;
			baseConfigurationReference = 1D347DCD335E486B8F241ADF /* Pods-Microtonal.release.xcconfig */;
			buildSettings = {
				ASSETCATALOG_COMPILER_APPICON_NAME = AppIcon;
				DEVELOPMENT_TEAM = S422Q897FZ;
				INFOPLIST_FILE = Microtonal/Info.plist;
				LD_RUNPATH_SEARCH_PATHS = "$(inherited) @executable_path/Frameworks";
				PRODUCT_BUNDLE_IDENTIFIER = com.ysoftware.Microtonal;
				PRODUCT_NAME = "$(TARGET_NAME)";
				SWIFT_VERSION = 3.0;
			};
			name = Release;
		};
		716B3BA81F65994B00AADA1A /* Debug */ = {
			isa = XCBuildConfiguration;
			baseConfigurationReference = 19237B1C4D5A2EAA75592C51 /* Pods-MicrotonalTests.debug.xcconfig */;
			buildSettings = {
				ALWAYS_EMBED_SWIFT_STANDARD_LIBRARIES = YES;
				BUNDLE_LOADER = "$(TEST_HOST)";
				DEVELOPMENT_TEAM = S422Q897FZ;
				INFOPLIST_FILE = MicrotonalTests/Info.plist;
				LD_RUNPATH_SEARCH_PATHS = "$(inherited) @executable_path/Frameworks @loader_path/Frameworks";
				PRODUCT_BUNDLE_IDENTIFIER = com.ysoftware.MicrotonalTests;
				PRODUCT_NAME = "$(TARGET_NAME)";
				SWIFT_VERSION = 3.0;
				TEST_HOST = "$(BUILT_PRODUCTS_DIR)/Microtonal.app/Microtonal";
			};
			name = Debug;
		};
		716B3BA91F65994B00AADA1A /* Release */ = {
			isa = XCBuildConfiguration;
			baseConfigurationReference = 8F38548DBD3C255141FC5F45 /* Pods-MicrotonalTests.release.xcconfig */;
			buildSettings = {
				ALWAYS_EMBED_SWIFT_STANDARD_LIBRARIES = YES;
				BUNDLE_LOADER = "$(TEST_HOST)";
				DEVELOPMENT_TEAM = S422Q897FZ;
				INFOPLIST_FILE = MicrotonalTests/Info.plist;
				LD_RUNPATH_SEARCH_PATHS = "$(inherited) @executable_path/Frameworks @loader_path/Frameworks";
				PRODUCT_BUNDLE_IDENTIFIER = com.ysoftware.MicrotonalTests;
				PRODUCT_NAME = "$(TARGET_NAME)";
				SWIFT_VERSION = 3.0;
				TEST_HOST = "$(BUILT_PRODUCTS_DIR)/Microtonal.app/Microtonal";
			};
			name = Release;
		};
		716B3BAB1F65994B00AADA1A /* Debug */ = {
			isa = XCBuildConfiguration;
			baseConfigurationReference = D26F62EA494CBB65DACE4BD7 /* Pods-MicrotonalUITests.debug.xcconfig */;
			buildSettings = {
				ALWAYS_EMBED_SWIFT_STANDARD_LIBRARIES = YES;
				DEVELOPMENT_TEAM = S422Q897FZ;
				INFOPLIST_FILE = MicrotonalUITests/Info.plist;
				LD_RUNPATH_SEARCH_PATHS = "$(inherited) @executable_path/Frameworks @loader_path/Frameworks";
				PRODUCT_BUNDLE_IDENTIFIER = com.ysoftware.MicrotonalUITests;
				PRODUCT_NAME = "$(TARGET_NAME)";
				SWIFT_VERSION = 3.0;
				TEST_TARGET_NAME = Microtonal;
			};
			name = Debug;
		};
		716B3BAC1F65994B00AADA1A /* Release */ = {
			isa = XCBuildConfiguration;
			baseConfigurationReference = 6BDC929FE8AA5E38FAC709D1 /* Pods-MicrotonalUITests.release.xcconfig */;
			buildSettings = {
				ALWAYS_EMBED_SWIFT_STANDARD_LIBRARIES = YES;
				DEVELOPMENT_TEAM = S422Q897FZ;
				INFOPLIST_FILE = MicrotonalUITests/Info.plist;
				LD_RUNPATH_SEARCH_PATHS = "$(inherited) @executable_path/Frameworks @loader_path/Frameworks";
				PRODUCT_BUNDLE_IDENTIFIER = com.ysoftware.MicrotonalUITests;
				PRODUCT_NAME = "$(TARGET_NAME)";
				SWIFT_VERSION = 3.0;
				TEST_TARGET_NAME = Microtonal;
			};
			name = Release;
		};
/* End XCBuildConfiguration section */

/* Begin XCConfigurationList section */
		716B3B771F65994B00AADA1A /* Build configuration list for PBXProject "Microtonal" */ = {
			isa = XCConfigurationList;
			buildConfigurations = (
				716B3BA21F65994B00AADA1A /* Debug */,
				716B3BA31F65994B00AADA1A /* Release */,
			);
			defaultConfigurationIsVisible = 0;
			defaultConfigurationName = Release;
		};
		716B3BA41F65994B00AADA1A /* Build configuration list for PBXNativeTarget "Microtonal" */ = {
			isa = XCConfigurationList;
			buildConfigurations = (
				716B3BA51F65994B00AADA1A /* Debug */,
				716B3BA61F65994B00AADA1A /* Release */,
			);
			defaultConfigurationIsVisible = 0;
			defaultConfigurationName = Release;
		};
		716B3BA71F65994B00AADA1A /* Build configuration list for PBXNativeTarget "MicrotonalTests" */ = {
			isa = XCConfigurationList;
			buildConfigurations = (
				716B3BA81F65994B00AADA1A /* Debug */,
				716B3BA91F65994B00AADA1A /* Release */,
			);
			defaultConfigurationIsVisible = 0;
			defaultConfigurationName = Release;
		};
		716B3BAA1F65994B00AADA1A /* Build configuration list for PBXNativeTarget "MicrotonalUITests" */ = {
			isa = XCConfigurationList;
			buildConfigurations = (
				716B3BAB1F65994B00AADA1A /* Debug */,
				716B3BAC1F65994B00AADA1A /* Release */,
			);
			defaultConfigurationIsVisible = 0;
			defaultConfigurationName = Release;
		};
/* End XCConfigurationList section */
	};
	rootObject = 716B3B741F65994B00AADA1A /* Project object */;
}
